
Microsoft Visual Studio Solution File, Format Version 12.00
# Visual Studio Version 16
VisualStudioVersion = 16.0.34031.81
MinimumVisualStudioVersion = 10.0.40219.1
Project("{8BC9CEB8-8B4A-11D0-8D11-00A0C91BC942}") = "Project1", "Project1\Project1.vcxproj", "{4C5C4298-BA4C-4536-9F49-2D0A14AA1212}"
EndProject
Project("{8BC9CEB8-8B4A-11D0-8D11-00A0C91BC942}") = "Project.2.7", "Project.2.7\Project.2.7.vcxproj", "{7F5CF8A3-3992-4902-8FDD-7CF82BCEE08E}"
EndProject
Project("{8BC9CEB8-8B4A-11D0-8D11-00A0C91BC942}") = "chapter2.8", "chapter2.8\chapter2.8.vcxproj", "{8092274F-6493-4A43-80F1-E0DA8B060323}"
EndProject
Project("{8BC9CEB8-8B4A-11D0-8D11-00A0C91BC942}") = "project3_3.4.5.6", "project3_3.4.5.6\project3_3.4.5.6.vcxproj", "{43D8FA9A-F564-4FD2-9C2D-349EEA0FFD9E}"
EndProject
Project("{8BC9CEB8-8B4A-11D0-8D11-00A0C91BC942}") = "chapter4.1", "chapter4.1\chapter4.1.vcxproj", "{1D98CD31-5CF1-41A9-9C41-A1AE5CFD782D}"
EndProject
Project("{8BC9CEB8-8B4A-11D0-8D11-00A0C91BC942}") = "chapter3.9.bitflags", "chapter3.9.bitflags\chapter3.9.bitflags.vcxproj", "{E758B04F-B5FB-4D64-A88A-16BA310053C5}"
EndProject
Project("{8BC9CEB8-8B4A-11D0-8D11-00A0C91BC942}") = "chapter3.9_bitmasks", "chapter3.9_bitmasks\chapter3.9_bitmasks.vcxproj", "{50111833-BD2B-40F0-8030-5F8C01822BF7}"
EndProject
Project("{8BC9CEB8-8B4A-11D0-8D11-00A0C91BC942}") = "chapter4.2", "chapter4.2\chapter4.2.vcxproj", "{CB4FCE22-F96A-4832-BC14-AF5A275DF000}"
EndProject
Project("{8BC9CEB8-8B4A-11D0-8D11-00A0C91BC942}") = "chapter4.3", "chapter4.3\chapter4.3.vcxproj", "{C0EE01BA-837E-4B9B-A3F2-61FA5CC5C06E}"
EndProject
Project("{8BC9CEB8-8B4A-11D0-8D11-00A0C91BC942}") = "chapter4.4", "chapter4.4\chapter4.4.vcxproj", "{CFC8D88A-DF83-4744-8F28-858822359404}"
EndProject
Project("{8BC9CEB8-8B4A-11D0-8D11-00A0C91BC942}") = "chapter.4.5", "chapter.4.5\chapter.4.5.vcxproj", "{49B59F5E-F763-4C7A-A78B-5B3283E98E52}"
EndProject
Project("{8BC9CEB8-8B4A-11D0-8D11-00A0C91BC942}") = "chapter4.6", "chapter4.6\chapter4.6.vcxproj", "{857D3FF0-4AE9-423B-B1EA-75A708BFB1DB}"
EndProject
Project("{8BC9CEB8-8B4A-11D0-8D11-00A0C91BC942}") = "chapter4.7", "chapter4.7\chapter4.7.vcxproj", "{1F258706-67AA-4A89-B475-66CE764C3369}"
EndProject
Project("{8BC9CEB8-8B4A-11D0-8D11-00A0C91BC942}") = "chapter4.8", "chapter4.8\chapter4.8.vcxproj", "{0D882E0C-0CE2-498F-905F-44540CD9D180}"
EndProject
Project("{8BC9CEB8-8B4A-11D0-8D11-00A0C91BC942}") = "chapter4.9", "chapter4.9\chapter4.9.vcxproj", "{10DF01A1-7401-46EE-B3C8-9CD9C209DF5A}"
EndProject
Project("{8BC9CEB8-8B4A-11D0-8D11-00A0C91BC942}") = "chapter4.10", "chapter4.10\chapter4.10.vcxproj", "{B989519A-815B-4AD7-8F89-92108F663744}"
EndProject
Project("{8BC9CEB8-8B4A-11D0-8D11-00A0C91BC942}") = "chapter.5.1", "chapter.5.1\chapter.5.1.vcxproj", "{2BE1848B-7888-4FC8-84DF-8556F585D914}"
EndProject
Project("{8BC9CEB8-8B4A-11D0-8D11-00A0C91BC942}") = "chapter.5.2", "chapter.5.2\chapter.5.2.vcxproj", "{99AA939C-215F-43E6-A224-7AA3FD2304BA}"
EndProject
Project("{8BC9CEB8-8B4A-11D0-8D11-00A0C91BC942}") = "chapter5.3", "chapter5.3\chapter5.3.vcxproj", "{9433D605-905B-4916-8BCC-37638448EA9E}"
EndProject
Project("{8BC9CEB8-8B4A-11D0-8D11-00A0C91BC942}") = "chapter5.10", "chapter5.10\chapter5.10.vcxproj", "{1AA4CCC4-03D6-4C2E-9B44-5EE46C1AC79C}"
EndProject
Project("{8BC9CEB8-8B4A-11D0-8D11-00A0C91BC942}") = "chapter5.11.1", "chapter5.11.1\chapter5.11.1.vcxproj", "{AC246667-304B-41D3-9B85-425CEC704DF3}"
EndProject
Project("{8BC9CEB8-8B4A-11D0-8D11-00A0C91BC942}") = "chapter6.2", "chapter6.2\chapter6.2.vcxproj", "{BB51527E-A858-4B62-902F-6AE9483BBEB5}"
EndProject
Project("{8BC9CEB8-8B4A-11D0-8D11-00A0C91BC942}") = "chapter6.3", "chapter6.3\chapter6.3.vcxproj", "{84AD9FD9-522C-4B6C-ADD1-6680F72A769D}"
EndProject
Project("{8BC9CEB8-8B4A-11D0-8D11-00A0C91BC942}") = "chapter6.4", "chapter6.4\chapter6.4.vcxproj", "{7494E2E5-4E23-4805-B2CD-28A83859106B}"
EndProject
Project("{8BC9CEB8-8B4A-11D0-8D11-00A0C91BC942}") = "chapter6.5", "chapter6.5\chapter6.5.vcxproj", "{43652FB2-6930-4352-81D5-FDE01387820C}"
EndProject
Project("{8BC9CEB8-8B4A-11D0-8D11-00A0C91BC942}") = "chapter6.6", "chapter6.6\chapter6.6.vcxproj", "{4703D461-37CC-4C3D-98A4-7EDC7B0E68A1}"
EndProject
Project("{8BC9CEB8-8B4A-11D0-8D11-00A0C91BC942}") = "chapter6.7", "chapter6.7\chapter6.7.vcxproj", "{9F7BDA60-C1D0-446B-BBEE-5E06350BE41B}"
EndProject
Project("{8BC9CEB8-8B4A-11D0-8D11-00A0C91BC942}") = "chapter6.7a", "chapter6.7a\chapter6.7a.vcxproj", "{7E9422C5-3A4C-49D6-95F4-59F57ECC6552}"
EndProject
Project("{8BC9CEB8-8B4A-11D0-8D11-00A0C91BC942}") = "chapter.6.8", "chapter.6.8\chapter.6.8.vcxproj", "{1F9E60AD-54F9-41A1-93DB-A574624B1BA5}"
EndProject
Project("{8BC9CEB8-8B4A-11D0-8D11-00A0C91BC942}") = "chapter.6.9", "chapter.6.9\chapter.6.9.vcxproj", "{26C2C06B-2FBB-4C11-9506-DC62DC9E5E90}"
EndProject
Project("{8BC9CEB8-8B4A-11D0-8D11-00A0C91BC942}") = "chapter.6.10", "chapter.6.10\chapter.6.10.vcxproj", "{BC93C8CF-5286-493A-A414-85C1E9E6F9CB}"
EndProject
Project("{8BC9CEB8-8B4A-11D0-8D11-00A0C91BC942}") = "chapter6.11", "chapter6.11\chapter6.11.vcxproj", "{43D0FAA9-F74B-4348-BBB5-167041EBBC52}"
EndProject
Project("{8BC9CEB8-8B4A-11D0-8D11-00A0C91BC942}") = "chapter6.12", "chapter6.12\chapter6.12.vcxproj", "{E6DA4A2B-25EE-4898-8F33-2002521E67C1}"
EndProject
Project("{8BC9CEB8-8B4A-11D0-8D11-00A0C91BC942}") = "chapter6.13", "chapter6.13\chapter6.13.vcxproj", "{CD56AA11-523D-4A81-8BBE-4DB61C098108}"
EndProject
Project("{8BC9CEB8-8B4A-11D0-8D11-00A0C91BC942}") = "chapter6.14", "chapter6.14\chapter6.14.vcxproj", "{A5F63284-C110-4BF8-90A7-09921D869C99}"
EndProject
Global
	GlobalSection(SolutionConfigurationPlatforms) = preSolution
		Debug|x64 = Debug|x64
		Debug|x86 = Debug|x86
		Release|x64 = Release|x64
		Release|x86 = Release|x86
	EndGlobalSection
	GlobalSection(ProjectConfigurationPlatforms) = postSolution
		{4C5C4298-BA4C-4536-9F49-2D0A14AA1212}.Debug|x64.ActiveCfg = Debug|x64
		{4C5C4298-BA4C-4536-9F49-2D0A14AA1212}.Debug|x64.Build.0 = Debug|x64
		{4C5C4298-BA4C-4536-9F49-2D0A14AA1212}.Debug|x86.ActiveCfg = Debug|Win32
		{4C5C4298-BA4C-4536-9F49-2D0A14AA1212}.Debug|x86.Build.0 = Debug|Win32
		{4C5C4298-BA4C-4536-9F49-2D0A14AA1212}.Release|x64.ActiveCfg = Release|x64
		{4C5C4298-BA4C-4536-9F49-2D0A14AA1212}.Release|x64.Build.0 = Release|x64
		{4C5C4298-BA4C-4536-9F49-2D0A14AA1212}.Release|x86.ActiveCfg = Release|Win32
		{4C5C4298-BA4C-4536-9F49-2D0A14AA1212}.Release|x86.Build.0 = Release|Win32
		{7F5CF8A3-3992-4902-8FDD-7CF82BCEE08E}.Debug|x64.ActiveCfg = Debug|x64
		{7F5CF8A3-3992-4902-8FDD-7CF82BCEE08E}.Debug|x64.Build.0 = Debug|x64
		{7F5CF8A3-3992-4902-8FDD-7CF82BCEE08E}.Debug|x86.ActiveCfg = Debug|Win32
		{7F5CF8A3-3992-4902-8FDD-7CF82BCEE08E}.Debug|x86.Build.0 = Debug|Win32
		{7F5CF8A3-3992-4902-8FDD-7CF82BCEE08E}.Release|x64.ActiveCfg = Release|x64
		{7F5CF8A3-3992-4902-8FDD-7CF82BCEE08E}.Release|x64.Build.0 = Release|x64
		{7F5CF8A3-3992-4902-8FDD-7CF82BCEE08E}.Release|x86.ActiveCfg = Release|Win32
		{7F5CF8A3-3992-4902-8FDD-7CF82BCEE08E}.Release|x86.Build.0 = Release|Win32
		{8092274F-6493-4A43-80F1-E0DA8B060323}.Debug|x64.ActiveCfg = Debug|x64
		{8092274F-6493-4A43-80F1-E0DA8B060323}.Debug|x64.Build.0 = Debug|x64
		{8092274F-6493-4A43-80F1-E0DA8B060323}.Debug|x86.ActiveCfg = Debug|Win32
		{8092274F-6493-4A43-80F1-E0DA8B060323}.Debug|x86.Build.0 = Debug|Win32
		{8092274F-6493-4A43-80F1-E0DA8B060323}.Release|x64.ActiveCfg = Release|x64
		{8092274F-6493-4A43-80F1-E0DA8B060323}.Release|x64.Build.0 = Release|x64
		{8092274F-6493-4A43-80F1-E0DA8B060323}.Release|x86.ActiveCfg = Release|Win32
		{8092274F-6493-4A43-80F1-E0DA8B060323}.Release|x86.Build.0 = Release|Win32
		{43D8FA9A-F564-4FD2-9C2D-349EEA0FFD9E}.Debug|x64.ActiveCfg = Debug|x64
		{43D8FA9A-F564-4FD2-9C2D-349EEA0FFD9E}.Debug|x64.Build.0 = Debug|x64
		{43D8FA9A-F564-4FD2-9C2D-349EEA0FFD9E}.Debug|x86.ActiveCfg = Debug|Win32
		{43D8FA9A-F564-4FD2-9C2D-349EEA0FFD9E}.Debug|x86.Build.0 = Debug|Win32
		{43D8FA9A-F564-4FD2-9C2D-349EEA0FFD9E}.Release|x64.ActiveCfg = Release|x64
		{43D8FA9A-F564-4FD2-9C2D-349EEA0FFD9E}.Release|x64.Build.0 = Release|x64
		{43D8FA9A-F564-4FD2-9C2D-349EEA0FFD9E}.Release|x86.ActiveCfg = Release|Win32
		{43D8FA9A-F564-4FD2-9C2D-349EEA0FFD9E}.Release|x86.Build.0 = Release|Win32
		{1D98CD31-5CF1-41A9-9C41-A1AE5CFD782D}.Debug|x64.ActiveCfg = Debug|x64
		{1D98CD31-5CF1-41A9-9C41-A1AE5CFD782D}.Debug|x64.Build.0 = Debug|x64
		{1D98CD31-5CF1-41A9-9C41-A1AE5CFD782D}.Debug|x86.ActiveCfg = Debug|Win32
		{1D98CD31-5CF1-41A9-9C41-A1AE5CFD782D}.Debug|x86.Build.0 = Debug|Win32
		{1D98CD31-5CF1-41A9-9C41-A1AE5CFD782D}.Release|x64.ActiveCfg = Release|x64
		{1D98CD31-5CF1-41A9-9C41-A1AE5CFD782D}.Release|x64.Build.0 = Release|x64
		{1D98CD31-5CF1-41A9-9C41-A1AE5CFD782D}.Release|x86.ActiveCfg = Release|Win32
		{1D98CD31-5CF1-41A9-9C41-A1AE5CFD782D}.Release|x86.Build.0 = Release|Win32
		{E758B04F-B5FB-4D64-A88A-16BA310053C5}.Debug|x64.ActiveCfg = Debug|x64
		{E758B04F-B5FB-4D64-A88A-16BA310053C5}.Debug|x64.Build.0 = Debug|x64
		{E758B04F-B5FB-4D64-A88A-16BA310053C5}.Debug|x86.ActiveCfg = Debug|Win32
		{E758B04F-B5FB-4D64-A88A-16BA310053C5}.Debug|x86.Build.0 = Debug|Win32
		{E758B04F-B5FB-4D64-A88A-16BA310053C5}.Release|x64.ActiveCfg = Release|x64
		{E758B04F-B5FB-4D64-A88A-16BA310053C5}.Release|x64.Build.0 = Release|x64
		{E758B04F-B5FB-4D64-A88A-16BA310053C5}.Release|x86.ActiveCfg = Release|Win32
		{E758B04F-B5FB-4D64-A88A-16BA310053C5}.Release|x86.Build.0 = Release|Win32
		{50111833-BD2B-40F0-8030-5F8C01822BF7}.Debug|x64.ActiveCfg = Debug|x64
		{50111833-BD2B-40F0-8030-5F8C01822BF7}.Debug|x64.Build.0 = Debug|x64
		{50111833-BD2B-40F0-8030-5F8C01822BF7}.Debug|x86.ActiveCfg = Debug|Win32
		{50111833-BD2B-40F0-8030-5F8C01822BF7}.Debug|x86.Build.0 = Debug|Win32
		{50111833-BD2B-40F0-8030-5F8C01822BF7}.Release|x64.ActiveCfg = Release|x64
		{50111833-BD2B-40F0-8030-5F8C01822BF7}.Release|x64.Build.0 = Release|x64
		{50111833-BD2B-40F0-8030-5F8C01822BF7}.Release|x86.ActiveCfg = Release|Win32
		{50111833-BD2B-40F0-8030-5F8C01822BF7}.Release|x86.Build.0 = Release|Win32
		{CB4FCE22-F96A-4832-BC14-AF5A275DF000}.Debug|x64.ActiveCfg = Debug|x64
		{CB4FCE22-F96A-4832-BC14-AF5A275DF000}.Debug|x64.Build.0 = Debug|x64
		{CB4FCE22-F96A-4832-BC14-AF5A275DF000}.Debug|x86.ActiveCfg = Debug|Win32
		{CB4FCE22-F96A-4832-BC14-AF5A275DF000}.Debug|x86.Build.0 = Debug|Win32
		{CB4FCE22-F96A-4832-BC14-AF5A275DF000}.Release|x64.ActiveCfg = Release|x64
		{CB4FCE22-F96A-4832-BC14-AF5A275DF000}.Release|x64.Build.0 = Release|x64
		{CB4FCE22-F96A-4832-BC14-AF5A275DF000}.Release|x86.ActiveCfg = Release|Win32
		{CB4FCE22-F96A-4832-BC14-AF5A275DF000}.Release|x86.Build.0 = Release|Win32
		{C0EE01BA-837E-4B9B-A3F2-61FA5CC5C06E}.Debug|x64.ActiveCfg = Debug|x64
		{C0EE01BA-837E-4B9B-A3F2-61FA5CC5C06E}.Debug|x64.Build.0 = Debug|x64
		{C0EE01BA-837E-4B9B-A3F2-61FA5CC5C06E}.Debug|x86.ActiveCfg = Debug|Win32
		{C0EE01BA-837E-4B9B-A3F2-61FA5CC5C06E}.Debug|x86.Build.0 = Debug|Win32
		{C0EE01BA-837E-4B9B-A3F2-61FA5CC5C06E}.Release|x64.ActiveCfg = Release|x64
		{C0EE01BA-837E-4B9B-A3F2-61FA5CC5C06E}.Release|x64.Build.0 = Release|x64
		{C0EE01BA-837E-4B9B-A3F2-61FA5CC5C06E}.Release|x86.ActiveCfg = Release|Win32
		{C0EE01BA-837E-4B9B-A3F2-61FA5CC5C06E}.Release|x86.Build.0 = Release|Win32
		{CFC8D88A-DF83-4744-8F28-858822359404}.Debug|x64.ActiveCfg = Debug|x64
		{CFC8D88A-DF83-4744-8F28-858822359404}.Debug|x64.Build.0 = Debug|x64
		{CFC8D88A-DF83-4744-8F28-858822359404}.Debug|x86.ActiveCfg = Debug|Win32
		{CFC8D88A-DF83-4744-8F28-858822359404}.Debug|x86.Build.0 = Debug|Win32
		{CFC8D88A-DF83-4744-8F28-858822359404}.Release|x64.ActiveCfg = Release|x64
		{CFC8D88A-DF83-4744-8F28-858822359404}.Release|x64.Build.0 = Release|x64
		{CFC8D88A-DF83-4744-8F28-858822359404}.Release|x86.ActiveCfg = Release|Win32
		{CFC8D88A-DF83-4744-8F28-858822359404}.Release|x86.Build.0 = Release|Win32
		{49B59F5E-F763-4C7A-A78B-5B3283E98E52}.Debug|x64.ActiveCfg = Debug|x64
		{49B59F5E-F763-4C7A-A78B-5B3283E98E52}.Debug|x64.Build.0 = Debug|x64
		{49B59F5E-F763-4C7A-A78B-5B3283E98E52}.Debug|x86.ActiveCfg = Debug|Win32
		{49B59F5E-F763-4C7A-A78B-5B3283E98E52}.Debug|x86.Build.0 = Debug|Win32
		{49B59F5E-F763-4C7A-A78B-5B3283E98E52}.Release|x64.ActiveCfg = Release|x64
		{49B59F5E-F763-4C7A-A78B-5B3283E98E52}.Release|x64.Build.0 = Release|x64
		{49B59F5E-F763-4C7A-A78B-5B3283E98E52}.Release|x86.ActiveCfg = Release|Win32
		{49B59F5E-F763-4C7A-A78B-5B3283E98E52}.Release|x86.Build.0 = Release|Win32
		{857D3FF0-4AE9-423B-B1EA-75A708BFB1DB}.Debug|x64.ActiveCfg = Debug|x64
		{857D3FF0-4AE9-423B-B1EA-75A708BFB1DB}.Debug|x64.Build.0 = Debug|x64
		{857D3FF0-4AE9-423B-B1EA-75A708BFB1DB}.Debug|x86.ActiveCfg = Debug|Win32
		{857D3FF0-4AE9-423B-B1EA-75A708BFB1DB}.Debug|x86.Build.0 = Debug|Win32
		{857D3FF0-4AE9-423B-B1EA-75A708BFB1DB}.Release|x64.ActiveCfg = Release|x64
		{857D3FF0-4AE9-423B-B1EA-75A708BFB1DB}.Release|x64.Build.0 = Release|x64
		{857D3FF0-4AE9-423B-B1EA-75A708BFB1DB}.Release|x86.ActiveCfg = Release|Win32
		{857D3FF0-4AE9-423B-B1EA-75A708BFB1DB}.Release|x86.Build.0 = Release|Win32
		{1F258706-67AA-4A89-B475-66CE764C3369}.Debug|x64.ActiveCfg = Debug|x64
		{1F258706-67AA-4A89-B475-66CE764C3369}.Debug|x64.Build.0 = Debug|x64
		{1F258706-67AA-4A89-B475-66CE764C3369}.Debug|x86.ActiveCfg = Debug|Win32
		{1F258706-67AA-4A89-B475-66CE764C3369}.Debug|x86.Build.0 = Debug|Win32
		{1F258706-67AA-4A89-B475-66CE764C3369}.Release|x64.ActiveCfg = Release|x64
		{1F258706-67AA-4A89-B475-66CE764C3369}.Release|x64.Build.0 = Release|x64
		{1F258706-67AA-4A89-B475-66CE764C3369}.Release|x86.ActiveCfg = Release|Win32
		{1F258706-67AA-4A89-B475-66CE764C3369}.Release|x86.Build.0 = Release|Win32
		{0D882E0C-0CE2-498F-905F-44540CD9D180}.Debug|x64.ActiveCfg = Debug|x64
		{0D882E0C-0CE2-498F-905F-44540CD9D180}.Debug|x64.Build.0 = Debug|x64
		{0D882E0C-0CE2-498F-905F-44540CD9D180}.Debug|x86.ActiveCfg = Debug|Win32
		{0D882E0C-0CE2-498F-905F-44540CD9D180}.Debug|x86.Build.0 = Debug|Win32
		{0D882E0C-0CE2-498F-905F-44540CD9D180}.Release|x64.ActiveCfg = Release|x64
		{0D882E0C-0CE2-498F-905F-44540CD9D180}.Release|x64.Build.0 = Release|x64
		{0D882E0C-0CE2-498F-905F-44540CD9D180}.Release|x86.ActiveCfg = Release|Win32
		{0D882E0C-0CE2-498F-905F-44540CD9D180}.Release|x86.Build.0 = Release|Win32
		{10DF01A1-7401-46EE-B3C8-9CD9C209DF5A}.Debug|x64.ActiveCfg = Debug|x64
		{10DF01A1-7401-46EE-B3C8-9CD9C209DF5A}.Debug|x64.Build.0 = Debug|x64
		{10DF01A1-7401-46EE-B3C8-9CD9C209DF5A}.Debug|x86.ActiveCfg = Debug|Win32
		{10DF01A1-7401-46EE-B3C8-9CD9C209DF5A}.Debug|x86.Build.0 = Debug|Win32
		{10DF01A1-7401-46EE-B3C8-9CD9C209DF5A}.Release|x64.ActiveCfg = Release|x64
		{10DF01A1-7401-46EE-B3C8-9CD9C209DF5A}.Release|x64.Build.0 = Release|x64
		{10DF01A1-7401-46EE-B3C8-9CD9C209DF5A}.Release|x86.ActiveCfg = Release|Win32
		{10DF01A1-7401-46EE-B3C8-9CD9C209DF5A}.Release|x86.Build.0 = Release|Win32
		{B989519A-815B-4AD7-8F89-92108F663744}.Debug|x64.ActiveCfg = Debug|x64
		{B989519A-815B-4AD7-8F89-92108F663744}.Debug|x64.Build.0 = Debug|x64
		{B989519A-815B-4AD7-8F89-92108F663744}.Debug|x86.ActiveCfg = Debug|Win32
		{B989519A-815B-4AD7-8F89-92108F663744}.Debug|x86.Build.0 = Debug|Win32
		{B989519A-815B-4AD7-8F89-92108F663744}.Release|x64.ActiveCfg = Release|x64
		{B989519A-815B-4AD7-8F89-92108F663744}.Release|x64.Build.0 = Release|x64
		{B989519A-815B-4AD7-8F89-92108F663744}.Release|x86.ActiveCfg = Release|Win32
		{B989519A-815B-4AD7-8F89-92108F663744}.Release|x86.Build.0 = Release|Win32
		{2BE1848B-7888-4FC8-84DF-8556F585D914}.Debug|x64.ActiveCfg = Debug|x64
		{2BE1848B-7888-4FC8-84DF-8556F585D914}.Debug|x64.Build.0 = Debug|x64
		{2BE1848B-7888-4FC8-84DF-8556F585D914}.Debug|x86.ActiveCfg = Debug|Win32
		{2BE1848B-7888-4FC8-84DF-8556F585D914}.Debug|x86.Build.0 = Debug|Win32
		{2BE1848B-7888-4FC8-84DF-8556F585D914}.Release|x64.ActiveCfg = Release|x64
		{2BE1848B-7888-4FC8-84DF-8556F585D914}.Release|x64.Build.0 = Release|x64
		{2BE1848B-7888-4FC8-84DF-8556F585D914}.Release|x86.ActiveCfg = Release|Win32
		{2BE1848B-7888-4FC8-84DF-8556F585D914}.Release|x86.Build.0 = Release|Win32
		{99AA939C-215F-43E6-A224-7AA3FD2304BA}.Debug|x64.ActiveCfg = Debug|x64
		{99AA939C-215F-43E6-A224-7AA3FD2304BA}.Debug|x64.Build.0 = Debug|x64
		{99AA939C-215F-43E6-A224-7AA3FD2304BA}.Debug|x86.ActiveCfg = Debug|Win32
		{99AA939C-215F-43E6-A224-7AA3FD2304BA}.Debug|x86.Build.0 = Debug|Win32
		{99AA939C-215F-43E6-A224-7AA3FD2304BA}.Release|x64.ActiveCfg = Release|x64
		{99AA939C-215F-43E6-A224-7AA3FD2304BA}.Release|x64.Build.0 = Release|x64
		{99AA939C-215F-43E6-A224-7AA3FD2304BA}.Release|x86.ActiveCfg = Release|Win32
		{99AA939C-215F-43E6-A224-7AA3FD2304BA}.Release|x86.Build.0 = Release|Win32
		{9433D605-905B-4916-8BCC-37638448EA9E}.Debug|x64.ActiveCfg = Debug|x64
		{9433D605-905B-4916-8BCC-37638448EA9E}.Debug|x64.Build.0 = Debug|x64
		{9433D605-905B-4916-8BCC-37638448EA9E}.Debug|x86.ActiveCfg = Debug|Win32
		{9433D605-905B-4916-8BCC-37638448EA9E}.Debug|x86.Build.0 = Debug|Win32
		{9433D605-905B-4916-8BCC-37638448EA9E}.Release|x64.ActiveCfg = Release|x64
		{9433D605-905B-4916-8BCC-37638448EA9E}.Release|x64.Build.0 = Release|x64
		{9433D605-905B-4916-8BCC-37638448EA9E}.Release|x86.ActiveCfg = Release|Win32
		{9433D605-905B-4916-8BCC-37638448EA9E}.Release|x86.Build.0 = Release|Win32
		{1AA4CCC4-03D6-4C2E-9B44-5EE46C1AC79C}.Debug|x64.ActiveCfg = Debug|x64
		{1AA4CCC4-03D6-4C2E-9B44-5EE46C1AC79C}.Debug|x64.Build.0 = Debug|x64
		{1AA4CCC4-03D6-4C2E-9B44-5EE46C1AC79C}.Debug|x86.ActiveCfg = Debug|Win32
		{1AA4CCC4-03D6-4C2E-9B44-5EE46C1AC79C}.Debug|x86.Build.0 = Debug|Win32
		{1AA4CCC4-03D6-4C2E-9B44-5EE46C1AC79C}.Release|x64.ActiveCfg = Release|x64
		{1AA4CCC4-03D6-4C2E-9B44-5EE46C1AC79C}.Release|x64.Build.0 = Release|x64
		{1AA4CCC4-03D6-4C2E-9B44-5EE46C1AC79C}.Release|x86.ActiveCfg = Release|Win32
		{1AA4CCC4-03D6-4C2E-9B44-5EE46C1AC79C}.Release|x86.Build.0 = Release|Win32
		{AC246667-304B-41D3-9B85-425CEC704DF3}.Debug|x64.ActiveCfg = Debug|x64
		{AC246667-304B-41D3-9B85-425CEC704DF3}.Debug|x64.Build.0 = Debug|x64
		{AC246667-304B-41D3-9B85-425CEC704DF3}.Debug|x86.ActiveCfg = Debug|Win32
		{AC246667-304B-41D3-9B85-425CEC704DF3}.Debug|x86.Build.0 = Debug|Win32
		{AC246667-304B-41D3-9B85-425CEC704DF3}.Release|x64.ActiveCfg = Release|x64
		{AC246667-304B-41D3-9B85-425CEC704DF3}.Release|x64.Build.0 = Release|x64
		{AC246667-304B-41D3-9B85-425CEC704DF3}.Release|x86.ActiveCfg = Release|Win32
		{AC246667-304B-41D3-9B85-425CEC704DF3}.Release|x86.Build.0 = Release|Win32
		{BB51527E-A858-4B62-902F-6AE9483BBEB5}.Debug|x64.ActiveCfg = Debug|x64
		{BB51527E-A858-4B62-902F-6AE9483BBEB5}.Debug|x64.Build.0 = Debug|x64
		{BB51527E-A858-4B62-902F-6AE9483BBEB5}.Debug|x86.ActiveCfg = Debug|Win32
		{BB51527E-A858-4B62-902F-6AE9483BBEB5}.Debug|x86.Build.0 = Debug|Win32
		{BB51527E-A858-4B62-902F-6AE9483BBEB5}.Release|x64.ActiveCfg = Release|x64
		{BB51527E-A858-4B62-902F-6AE9483BBEB5}.Release|x64.Build.0 = Release|x64
		{BB51527E-A858-4B62-902F-6AE9483BBEB5}.Release|x86.ActiveCfg = Release|Win32
		{BB51527E-A858-4B62-902F-6AE9483BBEB5}.Release|x86.Build.0 = Release|Win32
		{84AD9FD9-522C-4B6C-ADD1-6680F72A769D}.Debug|x64.ActiveCfg = Debug|x64
		{84AD9FD9-522C-4B6C-ADD1-6680F72A769D}.Debug|x64.Build.0 = Debug|x64
		{84AD9FD9-522C-4B6C-ADD1-6680F72A769D}.Debug|x86.ActiveCfg = Debug|Win32
		{84AD9FD9-522C-4B6C-ADD1-6680F72A769D}.Debug|x86.Build.0 = Debug|Win32
		{84AD9FD9-522C-4B6C-ADD1-6680F72A769D}.Release|x64.ActiveCfg = Release|x64
		{84AD9FD9-522C-4B6C-ADD1-6680F72A769D}.Release|x64.Build.0 = Release|x64
		{84AD9FD9-522C-4B6C-ADD1-6680F72A769D}.Release|x86.ActiveCfg = Release|Win32
		{84AD9FD9-522C-4B6C-ADD1-6680F72A769D}.Release|x86.Build.0 = Release|Win32
		{7494E2E5-4E23-4805-B2CD-28A83859106B}.Debug|x64.ActiveCfg = Debug|x64
		{7494E2E5-4E23-4805-B2CD-28A83859106B}.Debug|x64.Build.0 = Debug|x64
		{7494E2E5-4E23-4805-B2CD-28A83859106B}.Debug|x86.ActiveCfg = Debug|Win32
		{7494E2E5-4E23-4805-B2CD-28A83859106B}.Debug|x86.Build.0 = Debug|Win32
		{7494E2E5-4E23-4805-B2CD-28A83859106B}.Release|x64.ActiveCfg = Release|x64
		{7494E2E5-4E23-4805-B2CD-28A83859106B}.Release|x64.Build.0 = Release|x64
		{7494E2E5-4E23-4805-B2CD-28A83859106B}.Release|x86.ActiveCfg = Release|Win32
		{7494E2E5-4E23-4805-B2CD-28A83859106B}.Release|x86.Build.0 = Release|Win32
		{43652FB2-6930-4352-81D5-FDE01387820C}.Debug|x64.ActiveCfg = Debug|x64
		{43652FB2-6930-4352-81D5-FDE01387820C}.Debug|x64.Build.0 = Debug|x64
		{43652FB2-6930-4352-81D5-FDE01387820C}.Debug|x86.ActiveCfg = Debug|Win32
		{43652FB2-6930-4352-81D5-FDE01387820C}.Debug|x86.Build.0 = Debug|Win32
		{43652FB2-6930-4352-81D5-FDE01387820C}.Release|x64.ActiveCfg = Release|x64
		{43652FB2-6930-4352-81D5-FDE01387820C}.Release|x64.Build.0 = Release|x64
		{43652FB2-6930-4352-81D5-FDE01387820C}.Release|x86.ActiveCfg = Release|Win32
		{43652FB2-6930-4352-81D5-FDE01387820C}.Release|x86.Build.0 = Release|Win32
		{4703D461-37CC-4C3D-98A4-7EDC7B0E68A1}.Debug|x64.ActiveCfg = Debug|x64
		{4703D461-37CC-4C3D-98A4-7EDC7B0E68A1}.Debug|x64.Build.0 = Debug|x64
		{4703D461-37CC-4C3D-98A4-7EDC7B0E68A1}.Debug|x86.ActiveCfg = Debug|Win32
		{4703D461-37CC-4C3D-98A4-7EDC7B0E68A1}.Debug|x86.Build.0 = Debug|Win32
		{4703D461-37CC-4C3D-98A4-7EDC7B0E68A1}.Release|x64.ActiveCfg = Release|x64
		{4703D461-37CC-4C3D-98A4-7EDC7B0E68A1}.Release|x64.Build.0 = Release|x64
		{4703D461-37CC-4C3D-98A4-7EDC7B0E68A1}.Release|x86.ActiveCfg = Release|Win32
		{4703D461-37CC-4C3D-98A4-7EDC7B0E68A1}.Release|x86.Build.0 = Release|Win32
		{9F7BDA60-C1D0-446B-BBEE-5E06350BE41B}.Debug|x64.ActiveCfg = Debug|x64
		{9F7BDA60-C1D0-446B-BBEE-5E06350BE41B}.Debug|x64.Build.0 = Debug|x64
		{9F7BDA60-C1D0-446B-BBEE-5E06350BE41B}.Debug|x86.ActiveCfg = Debug|Win32
		{9F7BDA60-C1D0-446B-BBEE-5E06350BE41B}.Debug|x86.Build.0 = Debug|Win32
		{9F7BDA60-C1D0-446B-BBEE-5E06350BE41B}.Release|x64.ActiveCfg = Release|x64
		{9F7BDA60-C1D0-446B-BBEE-5E06350BE41B}.Release|x64.Build.0 = Release|x64
		{9F7BDA60-C1D0-446B-BBEE-5E06350BE41B}.Release|x86.ActiveCfg = Release|Win32
		{9F7BDA60-C1D0-446B-BBEE-5E06350BE41B}.Release|x86.Build.0 = Release|Win32
		{7E9422C5-3A4C-49D6-95F4-59F57ECC6552}.Debug|x64.ActiveCfg = Debug|x64
		{7E9422C5-3A4C-49D6-95F4-59F57ECC6552}.Debug|x64.Build.0 = Debug|x64
		{7E9422C5-3A4C-49D6-95F4-59F57ECC6552}.Debug|x86.ActiveCfg = Debug|Win32
		{7E9422C5-3A4C-49D6-95F4-59F57ECC6552}.Debug|x86.Build.0 = Debug|Win32
		{7E9422C5-3A4C-49D6-95F4-59F57ECC6552}.Release|x64.ActiveCfg = Release|x64
		{7E9422C5-3A4C-49D6-95F4-59F57ECC6552}.Release|x64.Build.0 = Release|x64
		{7E9422C5-3A4C-49D6-95F4-59F57ECC6552}.Release|x86.ActiveCfg = Release|Win32
		{7E9422C5-3A4C-49D6-95F4-59F57ECC6552}.Release|x86.Build.0 = Release|Win32
		{1F9E60AD-54F9-41A1-93DB-A574624B1BA5}.Debug|x64.ActiveCfg = Debug|x64
		{1F9E60AD-54F9-41A1-93DB-A574624B1BA5}.Debug|x64.Build.0 = Debug|x64
		{1F9E60AD-54F9-41A1-93DB-A574624B1BA5}.Debug|x86.ActiveCfg = Debug|Win32
		{1F9E60AD-54F9-41A1-93DB-A574624B1BA5}.Debug|x86.Build.0 = Debug|Win32
		{1F9E60AD-54F9-41A1-93DB-A574624B1BA5}.Release|x64.ActiveCfg = Release|x64
		{1F9E60AD-54F9-41A1-93DB-A574624B1BA5}.Release|x64.Build.0 = Release|x64
		{1F9E60AD-54F9-41A1-93DB-A574624B1BA5}.Release|x86.ActiveCfg = Release|Win32
		{1F9E60AD-54F9-41A1-93DB-A574624B1BA5}.Release|x86.Build.0 = Release|Win32
		{26C2C06B-2FBB-4C11-9506-DC62DC9E5E90}.Debug|x64.ActiveCfg = Debug|x64
		{26C2C06B-2FBB-4C11-9506-DC62DC9E5E90}.Debug|x64.Build.0 = Debug|x64
		{26C2C06B-2FBB-4C11-9506-DC62DC9E5E90}.Debug|x86.ActiveCfg = Debug|Win32
		{26C2C06B-2FBB-4C11-9506-DC62DC9E5E90}.Debug|x86.Build.0 = Debug|Win32
		{26C2C06B-2FBB-4C11-9506-DC62DC9E5E90}.Release|x64.ActiveCfg = Release|x64
		{26C2C06B-2FBB-4C11-9506-DC62DC9E5E90}.Release|x64.Build.0 = Release|x64
		{26C2C06B-2FBB-4C11-9506-DC62DC9E5E90}.Release|x86.ActiveCfg = Release|Win32
		{26C2C06B-2FBB-4C11-9506-DC62DC9E5E90}.Release|x86.Build.0 = Release|Win32
		{BC93C8CF-5286-493A-A414-85C1E9E6F9CB}.Debug|x64.ActiveCfg = Debug|x64
		{BC93C8CF-5286-493A-A414-85C1E9E6F9CB}.Debug|x64.Build.0 = Debug|x64
		{BC93C8CF-5286-493A-A414-85C1E9E6F9CB}.Debug|x86.ActiveCfg = Debug|Win32
		{BC93C8CF-5286-493A-A414-85C1E9E6F9CB}.Debug|x86.Build.0 = Debug|Win32
		{BC93C8CF-5286-493A-A414-85C1E9E6F9CB}.Release|x64.ActiveCfg = Release|x64
		{BC93C8CF-5286-493A-A414-85C1E9E6F9CB}.Release|x64.Build.0 = Release|x64
		{BC93C8CF-5286-493A-A414-85C1E9E6F9CB}.Release|x86.ActiveCfg = Release|Win32
		{BC93C8CF-5286-493A-A414-85C1E9E6F9CB}.Release|x86.Build.0 = Release|Win32
		{43D0FAA9-F74B-4348-BBB5-167041EBBC52}.Debug|x64.ActiveCfg = Debug|x64
		{43D0FAA9-F74B-4348-BBB5-167041EBBC52}.Debug|x64.Build.0 = Debug|x64
		{43D0FAA9-F74B-4348-BBB5-167041EBBC52}.Debug|x86.ActiveCfg = Debug|Win32
		{43D0FAA9-F74B-4348-BBB5-167041EBBC52}.Debug|x86.Build.0 = Debug|Win32
		{43D0FAA9-F74B-4348-BBB5-167041EBBC52}.Release|x64.ActiveCfg = Release|x64
		{43D0FAA9-F74B-4348-BBB5-167041EBBC52}.Release|x64.Build.0 = Release|x64
		{43D0FAA9-F74B-4348-BBB5-167041EBBC52}.Release|x86.ActiveCfg = Release|Win32
		{43D0FAA9-F74B-4348-BBB5-167041EBBC52}.Release|x86.Build.0 = Release|Win32
		{E6DA4A2B-25EE-4898-8F33-2002521E67C1}.Debug|x64.ActiveCfg = Debug|x64
		{E6DA4A2B-25EE-4898-8F33-2002521E67C1}.Debug|x64.Build.0 = Debug|x64
		{E6DA4A2B-25EE-4898-8F33-2002521E67C1}.Debug|x86.ActiveCfg = Debug|Win32
		{E6DA4A2B-25EE-4898-8F33-2002521E67C1}.Debug|x86.Build.0 = Debug|Win32
		{E6DA4A2B-25EE-4898-8F33-2002521E67C1}.Release|x64.ActiveCfg = Release|x64
		{E6DA4A2B-25EE-4898-8F33-2002521E67C1}.Release|x64.Build.0 = Release|x64
		{E6DA4A2B-25EE-4898-8F33-2002521E67C1}.Release|x86.ActiveCfg = Release|Win32
		{E6DA4A2B-25EE-4898-8F33-2002521E67C1}.Release|x86.Build.0 = Release|Win32
		{CD56AA11-523D-4A81-8BBE-4DB61C098108}.Debug|x64.ActiveCfg = Debug|x64
		{CD56AA11-523D-4A81-8BBE-4DB61C098108}.Debug|x64.Build.0 = Debug|x64
		{CD56AA11-523D-4A81-8BBE-4DB61C098108}.Debug|x86.ActiveCfg = Debug|Win32
		{CD56AA11-523D-4A81-8BBE-4DB61C098108}.Debug|x86.Build.0 = Debug|Win32
		{CD56AA11-523D-4A81-8BBE-4DB61C098108}.Release|x64.ActiveCfg = Release|x64
		{CD56AA11-523D-4A81-8BBE-4DB61C098108}.Release|x64.Build.0 = Release|x64
		{CD56AA11-523D-4A81-8BBE-4DB61C098108}.Release|x86.ActiveCfg = Release|Win32
		{CD56AA11-523D-4A81-8BBE-4DB61C098108}.Release|x86.Build.0 = Release|Win32
		{A5F63284-C110-4BF8-90A7-09921D869C99}.Debug|x64.ActiveCfg = Debug|x64
		{A5F63284-C110-4BF8-90A7-09921D869C99}.Debug|x64.Build.0 = Debug|x64
		{A5F63284-C110-4BF8-90A7-09921D869C99}.Debug|x86.ActiveCfg = Debug|Win32
		{A5F63284-C110-4BF8-90A7-09921D869C99}.Debug|x86.Build.0 = Debug|Win32
		{A5F63284-C110-4BF8-90A7-09921D869C99}.Release|x64.ActiveCfg = Release|x64
		{A5F63284-C110-4BF8-90A7-09921D869C99}.Release|x64.Build.0 = Release|x64
		{A5F63284-C110-4BF8-90A7-09921D869C99}.Release|x86.ActiveCfg = Release|Win32
		{A5F63284-C110-4BF8-90A7-09921D869C99}.Release|x86.Build.0 = Release|Win32
	EndGlobalSection
	GlobalSection(SolutionProperties) = preSolution
		HideSolutionNode = FALSE
	EndGlobalSection
	GlobalSection(ExtensibilityGlobals) = postSolution
		SolutionGuid = {CC590FED-7B42-483E-9BEF-AF6A9721A925}
	EndGlobalSection
EndGlobal
