
Microsoft Visual Studio Solution File, Format Version 12.00
# Visual Studio Version 16
VisualStudioVersion = 16.0.32510.428
MinimumVisualStudioVersion = 10.0.40219.1
Project("{8BC9CEB8-8B4A-11D0-8D11-00A0C91BC942}") = "TBC.study.1.1", "TBC.study.1.1.vcxproj", "{D72219FA-7C49-4F00-B8AE-D66EBC699242}"
EndProject
Project("{8BC9CEB8-8B4A-11D0-8D11-00A0C91BC942}") = "chapter1.1", "..\chapter1.1\chapter1.1.vcxproj", "{30C08F1F-B7DB-4DD7-AA38-64CE615C0EF3}"
EndProject
Project("{8BC9CEB8-8B4A-11D0-8D11-00A0C91BC942}") = "chapter1.4", "..\chapter1.4\chapter1.4.vcxproj", "{19EEDF00-6D62-419B-AAE6-1158DC2F5153}"
EndProject
Project("{8BC9CEB8-8B4A-11D0-8D11-00A0C91BC942}") = "chaper.1.5", "..\chaper.1.5\chaper.1.5.vcxproj", "{89A1DA10-1E51-40D6-9370-205531073EE0}"
EndProject
Project("{8BC9CEB8-8B4A-11D0-8D11-00A0C91BC942}") = "chapter.1.7", "..\chapter.1.7\chapter.1.7.vcxproj", "{09C37207-DE8F-4BA6-B59C-B257717AA1FE}"
EndProject
Project("{8BC9CEB8-8B4A-11D0-8D11-00A0C91BC942}") = "chapter.1.8", "..\chapter.1.8\chapter.1.8.vcxproj", "{2B97D3D9-3EA0-4C52-9621-2732D2FDC1A5}"
EndProject
Project("{8BC9CEB8-8B4A-11D0-8D11-00A0C91BC942}") = "chapter.1.9", "..\chapter.1.9\chapter.1.9.vcxproj", "{E1977081-2122-4BEC-B28D-675FCE5DE660}"
EndProject
Project("{8BC9CEB8-8B4A-11D0-8D11-00A0C91BC942}") = "chapter.1.10", "..\chapter.1.10\chapter.1.10.vcxproj", "{F9F7900B-8ABA-454B-82BD-C9A507BA1E7F}"
EndProject
Project("{8BC9CEB8-8B4A-11D0-8D11-00A0C91BC942}") = "chapter.1.11", "..\chapter.1.11\chapter.1.11.vcxproj", "{50F6C463-1347-4FEA-87CC-16E783155F53}"
EndProject
Project("{8BC9CEB8-8B4A-11D0-8D11-00A0C91BC942}") = "chapter.1.12", "..\chapter.1.12\chapter.1.12.vcxproj", "{BC25B064-5E92-477C-BCBA-31DA63731EC1}"
EndProject
Project("{8BC9CEB8-8B4A-11D0-8D11-00A0C91BC942}") = "chapter.1.12.1", "..\chapter.1.12.1\chapter.1.12.1.vcxproj", "{2BFB7E11-9E9E-481E-BE66-B10E72E8B774}"
EndProject
Project("{8BC9CEB8-8B4A-11D0-8D11-00A0C91BC942}") = "chapter1.13", "..\chapter1.13\chapter1.13.vcxproj", "{616FFBAF-4845-43B9-A597-F90814AF5B50}"
EndProject
Project("{8BC9CEB8-8B4A-11D0-8D11-00A0C91BC942}") = "chapter1.14", "..\chapter1.14\chapter1.14.vcxproj", "{DF65B1EF-F579-4DDF-BB3B-FBFBEF16FFDD}"
EndProject
Project("{8BC9CEB8-8B4A-11D0-8D11-00A0C91BC942}") = "chapter.2.1", "..\chapter.2.1\chapter.2.1.vcxproj", "{89831D1C-4081-4F42-B029-AF49EF1FA1D8}"
EndProject
Project("{8BC9CEB8-8B4A-11D0-8D11-00A0C91BC942}") = "chapter2.2", "..\chapter2.2\chapter2.2.vcxproj", "{7B0C07B0-032A-4827-96D4-5103A0D4898D}"
EndProject
Project("{8BC9CEB8-8B4A-11D0-8D11-00A0C91BC942}") = "chapter2.3", "..\chapter2.3\chapter2.3.vcxproj", "{C2C605F8-A96F-400C-96B1-2F800DB2B55C}"
EndProject
Project("{8BC9CEB8-8B4A-11D0-8D11-00A0C91BC942}") = "chapter2.4", "..\chapter2.4\chapter2.4.vcxproj", "{40F0DFDE-EEFA-485F-918B-B8A7DF3C32CC}"
EndProject
Project("{8BC9CEB8-8B4A-11D0-8D11-00A0C91BC942}") = "chapter2.5", "..\chapter2.5\chapter2.5.vcxproj", "{871EA5B8-13F6-4F4E-B0A1-1A9C7ECB89DC}"
EndProject
Project("{8BC9CEB8-8B4A-11D0-8D11-00A0C91BC942}") = "chapter2.6", "..\chapter2.6\chapter2.6.vcxproj", "{1B636BAF-C3CC-43B8-A538-21E03B9C0D68}"
EndProject
Global
	GlobalSection(SolutionConfigurationPlatforms) = preSolution
		Debug|x64 = Debug|x64
		Debug|x86 = Debug|x86
		Release|x64 = Release|x64
		Release|x86 = Release|x86
	EndGlobalSection
	GlobalSection(ProjectConfigurationPlatforms) = postSolution
		{D72219FA-7C49-4F00-B8AE-D66EBC699242}.Debug|x64.ActiveCfg = Debug|x64
		{D72219FA-7C49-4F00-B8AE-D66EBC699242}.Debug|x64.Build.0 = Debug|x64
		{D72219FA-7C49-4F00-B8AE-D66EBC699242}.Debug|x86.ActiveCfg = Debug|Win32
		{D72219FA-7C49-4F00-B8AE-D66EBC699242}.Debug|x86.Build.0 = Debug|Win32
		{D72219FA-7C49-4F00-B8AE-D66EBC699242}.Release|x64.ActiveCfg = Release|x64
		{D72219FA-7C49-4F00-B8AE-D66EBC699242}.Release|x64.Build.0 = Release|x64
		{D72219FA-7C49-4F00-B8AE-D66EBC699242}.Release|x86.ActiveCfg = Release|Win32
		{D72219FA-7C49-4F00-B8AE-D66EBC699242}.Release|x86.Build.0 = Release|Win32
		{30C08F1F-B7DB-4DD7-AA38-64CE615C0EF3}.Debug|x64.ActiveCfg = Debug|x64
		{30C08F1F-B7DB-4DD7-AA38-64CE615C0EF3}.Debug|x64.Build.0 = Debug|x64
		{30C08F1F-B7DB-4DD7-AA38-64CE615C0EF3}.Debug|x86.ActiveCfg = Debug|Win32
		{30C08F1F-B7DB-4DD7-AA38-64CE615C0EF3}.Debug|x86.Build.0 = Debug|Win32
		{30C08F1F-B7DB-4DD7-AA38-64CE615C0EF3}.Release|x64.ActiveCfg = Release|x64
		{30C08F1F-B7DB-4DD7-AA38-64CE615C0EF3}.Release|x64.Build.0 = Release|x64
		{30C08F1F-B7DB-4DD7-AA38-64CE615C0EF3}.Release|x86.ActiveCfg = Release|Win32
		{30C08F1F-B7DB-4DD7-AA38-64CE615C0EF3}.Release|x86.Build.0 = Release|Win32
		{19EEDF00-6D62-419B-AAE6-1158DC2F5153}.Debug|x64.ActiveCfg = Debug|x64
		{19EEDF00-6D62-419B-AAE6-1158DC2F5153}.Debug|x64.Build.0 = Debug|x64
		{19EEDF00-6D62-419B-AAE6-1158DC2F5153}.Debug|x86.ActiveCfg = Debug|Win32
		{19EEDF00-6D62-419B-AAE6-1158DC2F5153}.Debug|x86.Build.0 = Debug|Win32
		{19EEDF00-6D62-419B-AAE6-1158DC2F5153}.Release|x64.ActiveCfg = Release|x64
		{19EEDF00-6D62-419B-AAE6-1158DC2F5153}.Release|x64.Build.0 = Release|x64
		{19EEDF00-6D62-419B-AAE6-1158DC2F5153}.Release|x86.ActiveCfg = Release|Win32
		{19EEDF00-6D62-419B-AAE6-1158DC2F5153}.Release|x86.Build.0 = Release|Win32
		{89A1DA10-1E51-40D6-9370-205531073EE0}.Debug|x64.ActiveCfg = Debug|x64
		{89A1DA10-1E51-40D6-9370-205531073EE0}.Debug|x64.Build.0 = Debug|x64
		{89A1DA10-1E51-40D6-9370-205531073EE0}.Debug|x86.ActiveCfg = Debug|Win32
		{89A1DA10-1E51-40D6-9370-205531073EE0}.Debug|x86.Build.0 = Debug|Win32
		{89A1DA10-1E51-40D6-9370-205531073EE0}.Release|x64.ActiveCfg = Release|x64
		{89A1DA10-1E51-40D6-9370-205531073EE0}.Release|x64.Build.0 = Release|x64
		{89A1DA10-1E51-40D6-9370-205531073EE0}.Release|x86.ActiveCfg = Release|Win32
		{89A1DA10-1E51-40D6-9370-205531073EE0}.Release|x86.Build.0 = Release|Win32
		{09C37207-DE8F-4BA6-B59C-B257717AA1FE}.Debug|x64.ActiveCfg = Debug|x64
		{09C37207-DE8F-4BA6-B59C-B257717AA1FE}.Debug|x64.Build.0 = Debug|x64
		{09C37207-DE8F-4BA6-B59C-B257717AA1FE}.Debug|x86.ActiveCfg = Debug|Win32
		{09C37207-DE8F-4BA6-B59C-B257717AA1FE}.Debug|x86.Build.0 = Debug|Win32
		{09C37207-DE8F-4BA6-B59C-B257717AA1FE}.Release|x64.ActiveCfg = Release|x64
		{09C37207-DE8F-4BA6-B59C-B257717AA1FE}.Release|x64.Build.0 = Release|x64
		{09C37207-DE8F-4BA6-B59C-B257717AA1FE}.Release|x86.ActiveCfg = Release|Win32
		{09C37207-DE8F-4BA6-B59C-B257717AA1FE}.Release|x86.Build.0 = Release|Win32
		{2B97D3D9-3EA0-4C52-9621-2732D2FDC1A5}.Debug|x64.ActiveCfg = Debug|x64
		{2B97D3D9-3EA0-4C52-9621-2732D2FDC1A5}.Debug|x64.Build.0 = Debug|x64
		{2B97D3D9-3EA0-4C52-9621-2732D2FDC1A5}.Debug|x86.ActiveCfg = Debug|Win32
		{2B97D3D9-3EA0-4C52-9621-2732D2FDC1A5}.Debug|x86.Build.0 = Debug|Win32
		{2B97D3D9-3EA0-4C52-9621-2732D2FDC1A5}.Release|x64.ActiveCfg = Release|x64
		{2B97D3D9-3EA0-4C52-9621-2732D2FDC1A5}.Release|x64.Build.0 = Release|x64
		{2B97D3D9-3EA0-4C52-9621-2732D2FDC1A5}.Release|x86.ActiveCfg = Release|Win32
		{2B97D3D9-3EA0-4C52-9621-2732D2FDC1A5}.Release|x86.Build.0 = Release|Win32
		{E1977081-2122-4BEC-B28D-675FCE5DE660}.Debug|x64.ActiveCfg = Debug|x64
		{E1977081-2122-4BEC-B28D-675FCE5DE660}.Debug|x64.Build.0 = Debug|x64
		{E1977081-2122-4BEC-B28D-675FCE5DE660}.Debug|x86.ActiveCfg = Debug|Win32
		{E1977081-2122-4BEC-B28D-675FCE5DE660}.Debug|x86.Build.0 = Debug|Win32
		{E1977081-2122-4BEC-B28D-675FCE5DE660}.Release|x64.ActiveCfg = Release|x64
		{E1977081-2122-4BEC-B28D-675FCE5DE660}.Release|x64.Build.0 = Release|x64
		{E1977081-2122-4BEC-B28D-675FCE5DE660}.Release|x86.ActiveCfg = Release|Win32
		{E1977081-2122-4BEC-B28D-675FCE5DE660}.Release|x86.Build.0 = Release|Win32
		{F9F7900B-8ABA-454B-82BD-C9A507BA1E7F}.Debug|x64.ActiveCfg = Debug|x64
		{F9F7900B-8ABA-454B-82BD-C9A507BA1E7F}.Debug|x64.Build.0 = Debug|x64
		{F9F7900B-8ABA-454B-82BD-C9A507BA1E7F}.Debug|x86.ActiveCfg = Debug|Win32
		{F9F7900B-8ABA-454B-82BD-C9A507BA1E7F}.Debug|x86.Build.0 = Debug|Win32
		{F9F7900B-8ABA-454B-82BD-C9A507BA1E7F}.Release|x64.ActiveCfg = Release|x64
		{F9F7900B-8ABA-454B-82BD-C9A507BA1E7F}.Release|x64.Build.0 = Release|x64
		{F9F7900B-8ABA-454B-82BD-C9A507BA1E7F}.Release|x86.ActiveCfg = Release|Win32
		{F9F7900B-8ABA-454B-82BD-C9A507BA1E7F}.Release|x86.Build.0 = Release|Win32
		{50F6C463-1347-4FEA-87CC-16E783155F53}.Debug|x64.ActiveCfg = Debug|x64
		{50F6C463-1347-4FEA-87CC-16E783155F53}.Debug|x64.Build.0 = Debug|x64
		{50F6C463-1347-4FEA-87CC-16E783155F53}.Debug|x86.ActiveCfg = Debug|Win32
		{50F6C463-1347-4FEA-87CC-16E783155F53}.Debug|x86.Build.0 = Debug|Win32
		{50F6C463-1347-4FEA-87CC-16E783155F53}.Release|x64.ActiveCfg = Release|x64
		{50F6C463-1347-4FEA-87CC-16E783155F53}.Release|x64.Build.0 = Release|x64
		{50F6C463-1347-4FEA-87CC-16E783155F53}.Release|x86.ActiveCfg = Release|Win32
		{50F6C463-1347-4FEA-87CC-16E783155F53}.Release|x86.Build.0 = Release|Win32
		{BC25B064-5E92-477C-BCBA-31DA63731EC1}.Debug|x64.ActiveCfg = Debug|x64
		{BC25B064-5E92-477C-BCBA-31DA63731EC1}.Debug|x64.Build.0 = Debug|x64
		{BC25B064-5E92-477C-BCBA-31DA63731EC1}.Debug|x86.ActiveCfg = Debug|Win32
		{BC25B064-5E92-477C-BCBA-31DA63731EC1}.Debug|x86.Build.0 = Debug|Win32
		{BC25B064-5E92-477C-BCBA-31DA63731EC1}.Release|x64.ActiveCfg = Release|x64
		{BC25B064-5E92-477C-BCBA-31DA63731EC1}.Release|x64.Build.0 = Release|x64
		{BC25B064-5E92-477C-BCBA-31DA63731EC1}.Release|x86.ActiveCfg = Release|Win32
		{BC25B064-5E92-477C-BCBA-31DA63731EC1}.Release|x86.Build.0 = Release|Win32
		{2BFB7E11-9E9E-481E-BE66-B10E72E8B774}.Debug|x64.ActiveCfg = Debug|x64
		{2BFB7E11-9E9E-481E-BE66-B10E72E8B774}.Debug|x64.Build.0 = Debug|x64
		{2BFB7E11-9E9E-481E-BE66-B10E72E8B774}.Debug|x86.ActiveCfg = Debug|Win32
		{2BFB7E11-9E9E-481E-BE66-B10E72E8B774}.Debug|x86.Build.0 = Debug|Win32
		{2BFB7E11-9E9E-481E-BE66-B10E72E8B774}.Release|x64.ActiveCfg = Release|x64
		{2BFB7E11-9E9E-481E-BE66-B10E72E8B774}.Release|x64.Build.0 = Release|x64
		{2BFB7E11-9E9E-481E-BE66-B10E72E8B774}.Release|x86.ActiveCfg = Release|Win32
		{2BFB7E11-9E9E-481E-BE66-B10E72E8B774}.Release|x86.Build.0 = Release|Win32
		{616FFBAF-4845-43B9-A597-F90814AF5B50}.Debug|x64.ActiveCfg = Debug|x64
		{616FFBAF-4845-43B9-A597-F90814AF5B50}.Debug|x64.Build.0 = Debug|x64
		{616FFBAF-4845-43B9-A597-F90814AF5B50}.Debug|x86.ActiveCfg = Debug|Win32
		{616FFBAF-4845-43B9-A597-F90814AF5B50}.Debug|x86.Build.0 = Debug|Win32
		{616FFBAF-4845-43B9-A597-F90814AF5B50}.Release|x64.ActiveCfg = Release|x64
		{616FFBAF-4845-43B9-A597-F90814AF5B50}.Release|x64.Build.0 = Release|x64
		{616FFBAF-4845-43B9-A597-F90814AF5B50}.Release|x86.ActiveCfg = Release|Win32
		{616FFBAF-4845-43B9-A597-F90814AF5B50}.Release|x86.Build.0 = Release|Win32
		{DF65B1EF-F579-4DDF-BB3B-FBFBEF16FFDD}.Debug|x64.ActiveCfg = Debug|x64
		{DF65B1EF-F579-4DDF-BB3B-FBFBEF16FFDD}.Debug|x64.Build.0 = Debug|x64
		{DF65B1EF-F579-4DDF-BB3B-FBFBEF16FFDD}.Debug|x86.ActiveCfg = Debug|Win32
		{DF65B1EF-F579-4DDF-BB3B-FBFBEF16FFDD}.Debug|x86.Build.0 = Debug|Win32
		{DF65B1EF-F579-4DDF-BB3B-FBFBEF16FFDD}.Release|x64.ActiveCfg = Release|x64
		{DF65B1EF-F579-4DDF-BB3B-FBFBEF16FFDD}.Release|x64.Build.0 = Release|x64
		{DF65B1EF-F579-4DDF-BB3B-FBFBEF16FFDD}.Release|x86.ActiveCfg = Release|Win32
		{DF65B1EF-F579-4DDF-BB3B-FBFBEF16FFDD}.Release|x86.Build.0 = Release|Win32
		{89831D1C-4081-4F42-B029-AF49EF1FA1D8}.Debug|x64.ActiveCfg = Debug|x64
		{89831D1C-4081-4F42-B029-AF49EF1FA1D8}.Debug|x64.Build.0 = Debug|x64
		{89831D1C-4081-4F42-B029-AF49EF1FA1D8}.Debug|x86.ActiveCfg = Debug|Win32
		{89831D1C-4081-4F42-B029-AF49EF1FA1D8}.Debug|x86.Build.0 = Debug|Win32
		{89831D1C-4081-4F42-B029-AF49EF1FA1D8}.Release|x64.ActiveCfg = Release|x64
		{89831D1C-4081-4F42-B029-AF49EF1FA1D8}.Release|x64.Build.0 = Release|x64
		{89831D1C-4081-4F42-B029-AF49EF1FA1D8}.Release|x86.ActiveCfg = Release|Win32
		{89831D1C-4081-4F42-B029-AF49EF1FA1D8}.Release|x86.Build.0 = Release|Win32
		{7B0C07B0-032A-4827-96D4-5103A0D4898D}.Debug|x64.ActiveCfg = Debug|x64
		{7B0C07B0-032A-4827-96D4-5103A0D4898D}.Debug|x64.Build.0 = Debug|x64
		{7B0C07B0-032A-4827-96D4-5103A0D4898D}.Debug|x86.ActiveCfg = Debug|Win32
		{7B0C07B0-032A-4827-96D4-5103A0D4898D}.Debug|x86.Build.0 = Debug|Win32
		{7B0C07B0-032A-4827-96D4-5103A0D4898D}.Release|x64.ActiveCfg = Release|x64
		{7B0C07B0-032A-4827-96D4-5103A0D4898D}.Release|x64.Build.0 = Release|x64
		{7B0C07B0-032A-4827-96D4-5103A0D4898D}.Release|x86.ActiveCfg = Release|Win32
		{7B0C07B0-032A-4827-96D4-5103A0D4898D}.Release|x86.Build.0 = Release|Win32
		{C2C605F8-A96F-400C-96B1-2F800DB2B55C}.Debug|x64.ActiveCfg = Debug|x64
		{C2C605F8-A96F-400C-96B1-2F800DB2B55C}.Debug|x64.Build.0 = Debug|x64
		{C2C605F8-A96F-400C-96B1-2F800DB2B55C}.Debug|x86.ActiveCfg = Debug|Win32
		{C2C605F8-A96F-400C-96B1-2F800DB2B55C}.Debug|x86.Build.0 = Debug|Win32
		{C2C605F8-A96F-400C-96B1-2F800DB2B55C}.Release|x64.ActiveCfg = Release|x64
		{C2C605F8-A96F-400C-96B1-2F800DB2B55C}.Release|x64.Build.0 = Release|x64
		{C2C605F8-A96F-400C-96B1-2F800DB2B55C}.Release|x86.ActiveCfg = Release|Win32
		{C2C605F8-A96F-400C-96B1-2F800DB2B55C}.Release|x86.Build.0 = Release|Win32
		{40F0DFDE-EEFA-485F-918B-B8A7DF3C32CC}.Debug|x64.ActiveCfg = Debug|x64
		{40F0DFDE-EEFA-485F-918B-B8A7DF3C32CC}.Debug|x64.Build.0 = Debug|x64
		{40F0DFDE-EEFA-485F-918B-B8A7DF3C32CC}.Debug|x86.ActiveCfg = Debug|Win32
		{40F0DFDE-EEFA-485F-918B-B8A7DF3C32CC}.Debug|x86.Build.0 = Debug|Win32
		{40F0DFDE-EEFA-485F-918B-B8A7DF3C32CC}.Release|x64.ActiveCfg = Release|x64
		{40F0DFDE-EEFA-485F-918B-B8A7DF3C32CC}.Release|x64.Build.0 = Release|x64
		{40F0DFDE-EEFA-485F-918B-B8A7DF3C32CC}.Release|x86.ActiveCfg = Release|Win32
		{40F0DFDE-EEFA-485F-918B-B8A7DF3C32CC}.Release|x86.Build.0 = Release|Win32
		{871EA5B8-13F6-4F4E-B0A1-1A9C7ECB89DC}.Debug|x64.ActiveCfg = Debug|x64
		{871EA5B8-13F6-4F4E-B0A1-1A9C7ECB89DC}.Debug|x64.Build.0 = Debug|x64
		{871EA5B8-13F6-4F4E-B0A1-1A9C7ECB89DC}.Debug|x86.ActiveCfg = Debug|Win32
		{871EA5B8-13F6-4F4E-B0A1-1A9C7ECB89DC}.Debug|x86.Build.0 = Debug|Win32
		{871EA5B8-13F6-4F4E-B0A1-1A9C7ECB89DC}.Release|x64.ActiveCfg = Release|x64
		{871EA5B8-13F6-4F4E-B0A1-1A9C7ECB89DC}.Release|x64.Build.0 = Release|x64
		{871EA5B8-13F6-4F4E-B0A1-1A9C7ECB89DC}.Release|x86.ActiveCfg = Release|Win32
		{871EA5B8-13F6-4F4E-B0A1-1A9C7ECB89DC}.Release|x86.Build.0 = Release|Win32
		{1B636BAF-C3CC-43B8-A538-21E03B9C0D68}.Debug|x64.ActiveCfg = Debug|x64
		{1B636BAF-C3CC-43B8-A538-21E03B9C0D68}.Debug|x64.Build.0 = Debug|x64
		{1B636BAF-C3CC-43B8-A538-21E03B9C0D68}.Debug|x86.ActiveCfg = Debug|Win32
		{1B636BAF-C3CC-43B8-A538-21E03B9C0D68}.Debug|x86.Build.0 = Debug|Win32
		{1B636BAF-C3CC-43B8-A538-21E03B9C0D68}.Release|x64.ActiveCfg = Release|x64
		{1B636BAF-C3CC-43B8-A538-21E03B9C0D68}.Release|x64.Build.0 = Release|x64
		{1B636BAF-C3CC-43B8-A538-21E03B9C0D68}.Release|x86.ActiveCfg = Release|Win32
		{1B636BAF-C3CC-43B8-A538-21E03B9C0D68}.Release|x86.Build.0 = Release|Win32
	EndGlobalSection
	GlobalSection(SolutionProperties) = preSolution
		HideSolutionNode = FALSE
	EndGlobalSection
	GlobalSection(ExtensibilityGlobals) = postSolution
		SolutionGuid = {793F5754-3B55-4606-BAC6-0C475F3CC4F3}
	EndGlobalSection
EndGlobal
